
Microsoft Visual Studio Solution File, Format Version 12.00
# Visual Studio Version 17
VisualStudioVersion = 17.9.34714.143
MinimumVisualStudioVersion = 10.0.40219.1
Project("{9A19103F-16F7-4668-BE54-9A1E7A4F7556}") = "API", "API\API.csproj", "{8B19D5D9-8436-4607-9F1B-A1DB526DF412}"
EndProject
Project("{9A19103F-16F7-4668-BE54-9A1E7A4F7556}") = "Contracts", "Contracts\Contracts.csproj", "{10DA1312-538F-48D2-8B53-63D1BC53105D}"
EndProject
Project("{FAE04EC0-301F-11D3-BF4B-00C04F79EFBC}") = "Application", "Application\Application.csproj", "{32560246-D495-40B1-A631-6B98DF46ADF9}"
EndProject
Project("{FAE04EC0-301F-11D3-BF4B-00C04F79EFBC}") = "Infrastructure", "Infrastructure\Infrastructure.csproj", "{B58A0580-3B41-42DA-9AB8-6083E8D02FC5}"
EndProject
Project("{FAE04EC0-301F-11D3-BF4B-00C04F79EFBC}") = "Domain", "Domain\Domain.csproj", "{9B4E624E-88D0-4984-BCB6-0C45FE5CCFF2}"
EndProject
Global
	GlobalSection(SolutionConfigurationPlatforms) = preSolution
		Debug|Any CPU = Debug|Any CPU
		Release|Any CPU = Release|Any CPU
	EndGlobalSection
	GlobalSection(ProjectConfigurationPlatforms) = postSolution
		{8B19D5D9-8436-4607-9F1B-A1DB526DF412}.Debug|Any CPU.ActiveCfg = Debug|Any CPU
		{8B19D5D9-8436-4607-9F1B-A1DB526DF412}.Debug|Any CPU.Build.0 = Debug|Any CPU
		{8B19D5D9-8436-4607-9F1B-A1DB526DF412}.Release|Any CPU.ActiveCfg = Release|Any CPU
		{8B19D5D9-8436-4607-9F1B-A1DB526DF412}.Release|Any CPU.Build.0 = Release|Any CPU
		{10DA1312-538F-48D2-8B53-63D1BC53105D}.Debug|Any CPU.ActiveCfg = Debug|Any CPU
		{10DA1312-538F-48D2-8B53-63D1BC53105D}.Debug|Any CPU.Build.0 = Debug|Any CPU
		{10DA1312-538F-48D2-8B53-63D1BC53105D}.Release|Any CPU.ActiveCfg = Release|Any CPU
		{10DA1312-538F-48D2-8B53-63D1BC53105D}.Release|Any CPU.Build.0 = Release|Any CPU
		{32560246-D495-40B1-A631-6B98DF46ADF9}.Debug|Any CPU.ActiveCfg = Debug|Any CPU
		{32560246-D495-40B1-A631-6B98DF46ADF9}.Debug|Any CPU.Build.0 = Debug|Any CPU
		{32560246-D495-40B1-A631-6B98DF46ADF9}.Release|Any CPU.ActiveCfg = Release|Any CPU
		{32560246-D495-40B1-A631-6B98DF46ADF9}.Release|Any CPU.Build.0 = Release|Any CPU
		{B58A0580-3B41-42DA-9AB8-6083E8D02FC5}.Debug|Any CPU.ActiveCfg = Debug|Any CPU
		{B58A0580-3B41-42DA-9AB8-6083E8D02FC5}.Debug|Any CPU.Build.0 = Debug|Any CPU
		{B58A0580-3B41-42DA-9AB8-6083E8D02FC5}.Release|Any CPU.ActiveCfg = Release|Any CPU
		{B58A0580-3B41-42DA-9AB8-6083E8D02FC5}.Release|Any CPU.Build.0 = Release|Any CPU
		{9B4E624E-88D0-4984-BCB6-0C45FE5CCFF2}.Debug|Any CPU.ActiveCfg = Debug|Any CPU
		{9B4E624E-88D0-4984-BCB6-0C45FE5CCFF2}.Debug|Any CPU.Build.0 = Debug|Any CPU
		{9B4E624E-88D0-4984-BCB6-0C45FE5CCFF2}.Release|Any CPU.ActiveCfg = Release|Any CPU
		{9B4E624E-88D0-4984-BCB6-0C45FE5CCFF2}.Release|Any CPU.Build.0 = Release|Any CPU
	EndGlobalSection
	GlobalSection(SolutionProperties) = preSolution
		HideSolutionNode = FALSE
	EndGlobalSection
	GlobalSection(ExtensibilityGlobals) = postSolution
		SolutionGuid = {E0BD5DDB-B0C7-4518-8366-8DBDF6C6254C}
	EndGlobalSection
EndGlobal
